// !$*UTF8*$!
{
	archiveVersion = 1;
	classes = {
	};
	objectVersion = 46;
	objects = {

/* Begin PBXBuildFile section */
		883B5F0B20304BD90012F913 /* MovieCollectionCell.xib in Resources */ = {isa = PBXBuildFile; fileRef = 883B5F0920304BD80012F913 /* MovieCollectionCell.xib */; };
		883B5F0C20304BD90012F913 /* MovieCollectionViewCell.swift in Sources */ = {isa = PBXBuildFile; fileRef = 883B5F0A20304BD80012F913 /* MovieCollectionViewCell.swift */; };
		883B5F132030A2C40012F913 /* TitleCollectionViewCell.swift in Sources */ = {isa = PBXBuildFile; fileRef = 883B5F112030A2C40012F913 /* TitleCollectionViewCell.swift */; };
		883B5F142030A2C40012F913 /* TitleCollectionViewCell.xib in Resources */ = {isa = PBXBuildFile; fileRef = 883B5F122030A2C40012F913 /* TitleCollectionViewCell.xib */; };
		883B5F192030A3C10012F913 /* PlotCollectionViewCell.swift in Sources */ = {isa = PBXBuildFile; fileRef = 883B5F172030A3C10012F913 /* PlotCollectionViewCell.swift */; };
		883B5F1A2030A3C10012F913 /* PlotCollectionViewCell.xib in Resources */ = {isa = PBXBuildFile; fileRef = 883B5F182030A3C10012F913 /* PlotCollectionViewCell.xib */; };
		883B5F222030A5640012F913 /* PersonCollectionViewCell.swift in Sources */ = {isa = PBXBuildFile; fileRef = 883B5F202030A5640012F913 /* PersonCollectionViewCell.swift */; };
		883B5F232030A5640012F913 /* PersonCollectionViewCell.xib in Resources */ = {isa = PBXBuildFile; fileRef = 883B5F212030A5640012F913 /* PersonCollectionViewCell.xib */; };
		883B5F272030AB460012F913 /* PeopleCollectionViewCell.swift in Sources */ = {isa = PBXBuildFile; fileRef = 883B5F252030AB460012F913 /* PeopleCollectionViewCell.swift */; };
		883B5F282030AB460012F913 /* PeopleCollectionViewCell.xib in Resources */ = {isa = PBXBuildFile; fileRef = 883B5F262030AB460012F913 /* PeopleCollectionViewCell.xib */; };
		883B5F2C2030ABE20012F913 /* DetailCollectionViewCell.swift in Sources */ = {isa = PBXBuildFile; fileRef = 883B5F2A2030ABE20012F913 /* DetailCollectionViewCell.swift */; };
		883B5F2D2030ABE20012F913 /* DetailCollectionViewCell.xib in Resources */ = {isa = PBXBuildFile; fileRef = 883B5F2B2030ABE20012F913 /* DetailCollectionViewCell.xib */; };
		886C88531FE32CEE004CDEF9 /* Bolts.framework in Frameworks */ = {isa = PBXBuildFile; fileRef = 886C88511FE32CED004CDEF9 /* Bolts.framework */; };
		886C88541FE32CEE004CDEF9 /* Parse.framework in Frameworks */ = {isa = PBXBuildFile; fileRef = 886C88521FE32CEE004CDEF9 /* Parse.framework */; };
		886C88571FE32D27004CDEF9 /* AudioToolbox.framework in Frameworks */ = {isa = PBXBuildFile; fileRef = 886C88561FE32D27004CDEF9 /* AudioToolbox.framework */; };
		886C88591FE32D37004CDEF9 /* CFNetwork.framework in Frameworks */ = {isa = PBXBuildFile; fileRef = 886C88581FE32D37004CDEF9 /* CFNetwork.framework */; };
		886C885B1FE32D3D004CDEF9 /* CoreGraphics.framework in Frameworks */ = {isa = PBXBuildFile; fileRef = 886C885A1FE32D3D004CDEF9 /* CoreGraphics.framework */; };
		886C885D1FE32D45004CDEF9 /* CoreLocation.framework in Frameworks */ = {isa = PBXBuildFile; fileRef = 886C885C1FE32D45004CDEF9 /* CoreLocation.framework */; };
		886C885F1FE32D4D004CDEF9 /* MobileCoreServices.framework in Frameworks */ = {isa = PBXBuildFile; fileRef = 886C885E1FE32D4D004CDEF9 /* MobileCoreServices.framework */; };
		886C88611FE32D54004CDEF9 /* QuartzCore.framework in Frameworks */ = {isa = PBXBuildFile; fileRef = 886C88601FE32D54004CDEF9 /* QuartzCore.framework */; };
		886C88631FE32D5B004CDEF9 /* Security.framework in Frameworks */ = {isa = PBXBuildFile; fileRef = 886C88621FE32D5A004CDEF9 /* Security.framework */; };
		886C88651FE32D62004CDEF9 /* StoreKit.framework in Frameworks */ = {isa = PBXBuildFile; fileRef = 886C88641FE32D62004CDEF9 /* StoreKit.framework */; };
		886C88671FE32D69004CDEF9 /* SystemConfiguration.framework in Frameworks */ = {isa = PBXBuildFile; fileRef = 886C88661FE32D69004CDEF9 /* SystemConfiguration.framework */; };
		886C88691FE32D73004CDEF9 /* libz.tbd in Frameworks */ = {isa = PBXBuildFile; fileRef = 886C88681FE32D73004CDEF9 /* libz.tbd */; };
		886C886B1FE32D79004CDEF9 /* libsqlite3.tbd in Frameworks */ = {isa = PBXBuildFile; fileRef = 886C886A1FE32D79004CDEF9 /* libsqlite3.tbd */; };
		88C2EB502024CAFA00DEAC47 /* SearchViewController.swift in Sources */ = {isa = PBXBuildFile; fileRef = 88C2EB342024CAFA00DEAC47 /* SearchViewController.swift */; };
		88C2EB512024CAFA00DEAC47 /* SearchInteractor.swift in Sources */ = {isa = PBXBuildFile; fileRef = 88C2EB352024CAFA00DEAC47 /* SearchInteractor.swift */; };
		88C2EB522024CAFA00DEAC47 /* SearchPresenter.swift in Sources */ = {isa = PBXBuildFile; fileRef = 88C2EB362024CAFA00DEAC47 /* SearchPresenter.swift */; };
		88C2EB532024CAFA00DEAC47 /* SearchModels.swift in Sources */ = {isa = PBXBuildFile; fileRef = 88C2EB372024CAFA00DEAC47 /* SearchModels.swift */; };
		88C2EB542024CAFA00DEAC47 /* SearchWorker.swift in Sources */ = {isa = PBXBuildFile; fileRef = 88C2EB382024CAFA00DEAC47 /* SearchWorker.swift */; };
		88C2EB552024CAFA00DEAC47 /* SearchRouter.swift in Sources */ = {isa = PBXBuildFile; fileRef = 88C2EB392024CAFA00DEAC47 /* SearchRouter.swift */; };
		88C2EB5A2024CAFA00DEAC47 /* MovieDetailsInteractor.swift in Sources */ = {isa = PBXBuildFile; fileRef = 88C2EB402024CAFA00DEAC47 /* MovieDetailsInteractor.swift */; };
		88C2EB5B2024CAFA00DEAC47 /* MovieDetailsPresenter.swift in Sources */ = {isa = PBXBuildFile; fileRef = 88C2EB412024CAFA00DEAC47 /* MovieDetailsPresenter.swift */; };
		88C2EB5C2024CAFA00DEAC47 /* MovieDetailsWorker.swift in Sources */ = {isa = PBXBuildFile; fileRef = 88C2EB422024CAFA00DEAC47 /* MovieDetailsWorker.swift */; };
		88C2EB5D2024CAFA00DEAC47 /* MovieDetailsViewController.swift in Sources */ = {isa = PBXBuildFile; fileRef = 88C2EB432024CAFA00DEAC47 /* MovieDetailsViewController.swift */; };
		88C2EB5E2024CAFA00DEAC47 /* MovieDetailsRouter.swift in Sources */ = {isa = PBXBuildFile; fileRef = 88C2EB442024CAFA00DEAC47 /* MovieDetailsRouter.swift */; };
		88C2EB5F2024CAFA00DEAC47 /* MovieDetailsModels.swift in Sources */ = {isa = PBXBuildFile; fileRef = 88C2EB452024CAFA00DEAC47 /* MovieDetailsModels.swift */; };
		88C2EB602024CAFA00DEAC47 /* Movie.swift in Sources */ = {isa = PBXBuildFile; fileRef = 88C2EB472024CAFA00DEAC47 /* Movie.swift */; };
		88C2EB612024CAFA00DEAC47 /* Genre.swift in Sources */ = {isa = PBXBuildFile; fileRef = 88C2EB482024CAFA00DEAC47 /* Genre.swift */; };
		88C2EB622024CAFA00DEAC47 /* Person.swift in Sources */ = {isa = PBXBuildFile; fileRef = 88C2EB492024CAFA00DEAC47 /* Person.swift */; };
		88C2EB632024CAFA00DEAC47 /* ImageExtension.swift in Sources */ = {isa = PBXBuildFile; fileRef = 88C2EB4A2024CAFA00DEAC47 /* ImageExtension.swift */; };
		88C2EB642024CAFA00DEAC47 /* Country.swift in Sources */ = {isa = PBXBuildFile; fileRef = 88C2EB4B2024CAFA00DEAC47 /* Country.swift */; };
		88D0ACE0203820FC0019D27C /* Job.swift in Sources */ = {isa = PBXBuildFile; fileRef = 88D0ACDF203820FC0019D27C /* Job.swift */; };
		9ECDD2EFF812F91753E7E5C3 /* Main.storyboard in Resources */ = {isa = PBXBuildFile; fileRef = 9ECDD2E3705169588B62A615 /* Main.storyboard */; };
		9ECDD3CAACC3ECD9417F8BE0 /* Assets.xcassets in Resources */ = {isa = PBXBuildFile; fileRef = 9ECDDBB3C089D6C5DEF55196 /* Assets.xcassets */; };
		9ECDDDE10CB8ADDF0166F51B /* LaunchScreen.storyboard in Resources */ = {isa = PBXBuildFile; fileRef = 9ECDD1708221D170E70E4369 /* LaunchScreen.storyboard */; };
		9ECDDFB20D62436BC12E3FD0 /* AppDelegate.swift in Sources */ = {isa = PBXBuildFile; fileRef = 9ECDDD923C5C868D39DB83CC /* AppDelegate.swift */; };
/* End PBXBuildFile section */

/* Begin PBXFileReference section */
		883B5F0920304BD80012F913 /* MovieCollectionCell.xib */ = {isa = PBXFileReference; fileEncoding = 4; lastKnownFileType = file.xib; path = MovieCollectionCell.xib; sourceTree = "<group>"; };
		883B5F0A20304BD80012F913 /* MovieCollectionViewCell.swift */ = {isa = PBXFileReference; fileEncoding = 4; lastKnownFileType = sourcecode.swift; path = MovieCollectionViewCell.swift; sourceTree = "<group>"; };
		883B5F112030A2C40012F913 /* TitleCollectionViewCell.swift */ = {isa = PBXFileReference; lastKnownFileType = sourcecode.swift; path = TitleCollectionViewCell.swift; sourceTree = "<group>"; };
		883B5F122030A2C40012F913 /* TitleCollectionViewCell.xib */ = {isa = PBXFileReference; lastKnownFileType = file.xib; path = TitleCollectionViewCell.xib; sourceTree = "<group>"; };
		883B5F172030A3C10012F913 /* PlotCollectionViewCell.swift */ = {isa = PBXFileReference; lastKnownFileType = sourcecode.swift; path = PlotCollectionViewCell.swift; sourceTree = "<group>"; };
		883B5F182030A3C10012F913 /* PlotCollectionViewCell.xib */ = {isa = PBXFileReference; lastKnownFileType = file.xib; path = PlotCollectionViewCell.xib; sourceTree = "<group>"; };
		883B5F202030A5640012F913 /* PersonCollectionViewCell.swift */ = {isa = PBXFileReference; fileEncoding = 4; lastKnownFileType = sourcecode.swift; path = PersonCollectionViewCell.swift; sourceTree = "<group>"; };
		883B5F212030A5640012F913 /* PersonCollectionViewCell.xib */ = {isa = PBXFileReference; fileEncoding = 4; lastKnownFileType = file.xib; path = PersonCollectionViewCell.xib; sourceTree = "<group>"; };
		883B5F252030AB460012F913 /* PeopleCollectionViewCell.swift */ = {isa = PBXFileReference; lastKnownFileType = sourcecode.swift; path = PeopleCollectionViewCell.swift; sourceTree = "<group>"; };
		883B5F262030AB460012F913 /* PeopleCollectionViewCell.xib */ = {isa = PBXFileReference; lastKnownFileType = file.xib; path = PeopleCollectionViewCell.xib; sourceTree = "<group>"; };
		883B5F2A2030ABE20012F913 /* DetailCollectionViewCell.swift */ = {isa = PBXFileReference; lastKnownFileType = sourcecode.swift; path = DetailCollectionViewCell.swift; sourceTree = "<group>"; };
		883B5F2B2030ABE20012F913 /* DetailCollectionViewCell.xib */ = {isa = PBXFileReference; lastKnownFileType = file.xib; path = DetailCollectionViewCell.xib; sourceTree = "<group>"; };
		886C88511FE32CED004CDEF9 /* Bolts.framework */ = {isa = PBXFileReference; lastKnownFileType = wrapper.framework; path = Bolts.framework; sourceTree = "<group>"; };
		886C88521FE32CEE004CDEF9 /* Parse.framework */ = {isa = PBXFileReference; lastKnownFileType = wrapper.framework; path = Parse.framework; sourceTree = "<group>"; };
		886C88561FE32D27004CDEF9 /* AudioToolbox.framework */ = {isa = PBXFileReference; lastKnownFileType = wrapper.framework; name = AudioToolbox.framework; path = System/Library/Frameworks/AudioToolbox.framework; sourceTree = SDKROOT; };
		886C88581FE32D37004CDEF9 /* CFNetwork.framework */ = {isa = PBXFileReference; lastKnownFileType = wrapper.framework; name = CFNetwork.framework; path = System/Library/Frameworks/CFNetwork.framework; sourceTree = SDKROOT; };
		886C885A1FE32D3D004CDEF9 /* CoreGraphics.framework */ = {isa = PBXFileReference; lastKnownFileType = wrapper.framework; name = CoreGraphics.framework; path = System/Library/Frameworks/CoreGraphics.framework; sourceTree = SDKROOT; };
		886C885C1FE32D45004CDEF9 /* CoreLocation.framework */ = {isa = PBXFileReference; lastKnownFileType = wrapper.framework; name = CoreLocation.framework; path = System/Library/Frameworks/CoreLocation.framework; sourceTree = SDKROOT; };
		886C885E1FE32D4D004CDEF9 /* MobileCoreServices.framework */ = {isa = PBXFileReference; lastKnownFileType = wrapper.framework; name = MobileCoreServices.framework; path = System/Library/Frameworks/MobileCoreServices.framework; sourceTree = SDKROOT; };
		886C88601FE32D54004CDEF9 /* QuartzCore.framework */ = {isa = PBXFileReference; lastKnownFileType = wrapper.framework; name = QuartzCore.framework; path = System/Library/Frameworks/QuartzCore.framework; sourceTree = SDKROOT; };
		886C88621FE32D5A004CDEF9 /* Security.framework */ = {isa = PBXFileReference; lastKnownFileType = wrapper.framework; name = Security.framework; path = System/Library/Frameworks/Security.framework; sourceTree = SDKROOT; };
		886C88641FE32D62004CDEF9 /* StoreKit.framework */ = {isa = PBXFileReference; lastKnownFileType = wrapper.framework; name = StoreKit.framework; path = System/Library/Frameworks/StoreKit.framework; sourceTree = SDKROOT; };
		886C88661FE32D69004CDEF9 /* SystemConfiguration.framework */ = {isa = PBXFileReference; lastKnownFileType = wrapper.framework; name = SystemConfiguration.framework; path = System/Library/Frameworks/SystemConfiguration.framework; sourceTree = SDKROOT; };
		886C88681FE32D73004CDEF9 /* libz.tbd */ = {isa = PBXFileReference; lastKnownFileType = "sourcecode.text-based-dylib-definition"; name = libz.tbd; path = usr/lib/libz.tbd; sourceTree = SDKROOT; };
		886C886A1FE32D79004CDEF9 /* libsqlite3.tbd */ = {isa = PBXFileReference; lastKnownFileType = "sourcecode.text-based-dylib-definition"; name = libsqlite3.tbd; path = usr/lib/libsqlite3.tbd; sourceTree = SDKROOT; };
		88C2EB342024CAFA00DEAC47 /* SearchViewController.swift */ = {isa = PBXFileReference; fileEncoding = 4; lastKnownFileType = sourcecode.swift; path = SearchViewController.swift; sourceTree = "<group>"; };
		88C2EB352024CAFA00DEAC47 /* SearchInteractor.swift */ = {isa = PBXFileReference; fileEncoding = 4; lastKnownFileType = sourcecode.swift; path = SearchInteractor.swift; sourceTree = "<group>"; };
		88C2EB362024CAFA00DEAC47 /* SearchPresenter.swift */ = {isa = PBXFileReference; fileEncoding = 4; lastKnownFileType = sourcecode.swift; path = SearchPresenter.swift; sourceTree = "<group>"; };
		88C2EB372024CAFA00DEAC47 /* SearchModels.swift */ = {isa = PBXFileReference; fileEncoding = 4; lastKnownFileType = sourcecode.swift; path = SearchModels.swift; sourceTree = "<group>"; };
		88C2EB382024CAFA00DEAC47 /* SearchWorker.swift */ = {isa = PBXFileReference; fileEncoding = 4; lastKnownFileType = sourcecode.swift; path = SearchWorker.swift; sourceTree = "<group>"; };
		88C2EB392024CAFA00DEAC47 /* SearchRouter.swift */ = {isa = PBXFileReference; fileEncoding = 4; lastKnownFileType = sourcecode.swift; path = SearchRouter.swift; sourceTree = "<group>"; };
		88C2EB402024CAFA00DEAC47 /* MovieDetailsInteractor.swift */ = {isa = PBXFileReference; fileEncoding = 4; lastKnownFileType = sourcecode.swift; path = MovieDetailsInteractor.swift; sourceTree = "<group>"; };
		88C2EB412024CAFA00DEAC47 /* MovieDetailsPresenter.swift */ = {isa = PBXFileReference; fileEncoding = 4; lastKnownFileType = sourcecode.swift; path = MovieDetailsPresenter.swift; sourceTree = "<group>"; };
		88C2EB422024CAFA00DEAC47 /* MovieDetailsWorker.swift */ = {isa = PBXFileReference; fileEncoding = 4; lastKnownFileType = sourcecode.swift; path = MovieDetailsWorker.swift; sourceTree = "<group>"; };
		88C2EB432024CAFA00DEAC47 /* MovieDetailsViewController.swift */ = {isa = PBXFileReference; fileEncoding = 4; lastKnownFileType = sourcecode.swift; path = MovieDetailsViewController.swift; sourceTree = "<group>"; };
		88C2EB442024CAFA00DEAC47 /* MovieDetailsRouter.swift */ = {isa = PBXFileReference; fileEncoding = 4; lastKnownFileType = sourcecode.swift; path = MovieDetailsRouter.swift; sourceTree = "<group>"; };
		88C2EB452024CAFA00DEAC47 /* MovieDetailsModels.swift */ = {isa = PBXFileReference; fileEncoding = 4; lastKnownFileType = sourcecode.swift; path = MovieDetailsModels.swift; sourceTree = "<group>"; };
		88C2EB472024CAFA00DEAC47 /* Movie.swift */ = {isa = PBXFileReference; fileEncoding = 4; lastKnownFileType = sourcecode.swift; path = Movie.swift; sourceTree = "<group>"; };
		88C2EB482024CAFA00DEAC47 /* Genre.swift */ = {isa = PBXFileReference; fileEncoding = 4; lastKnownFileType = sourcecode.swift; path = Genre.swift; sourceTree = "<group>"; };
		88C2EB492024CAFA00DEAC47 /* Person.swift */ = {isa = PBXFileReference; fileEncoding = 4; lastKnownFileType = sourcecode.swift; path = Person.swift; sourceTree = "<group>"; };
		88C2EB4A2024CAFA00DEAC47 /* ImageExtension.swift */ = {isa = PBXFileReference; fileEncoding = 4; lastKnownFileType = sourcecode.swift; path = ImageExtension.swift; sourceTree = "<group>"; };
		88C2EB4B2024CAFA00DEAC47 /* Country.swift */ = {isa = PBXFileReference; fileEncoding = 4; lastKnownFileType = sourcecode.swift; path = Country.swift; sourceTree = "<group>"; };
		88D0ACDF203820FC0019D27C /* Job.swift */ = {isa = PBXFileReference; lastKnownFileType = sourcecode.swift; path = Job.swift; sourceTree = "<group>"; };
		9ECDD39DC662D7BE0C4ADFD0 /* Tram.app */ = {isa = PBXFileReference; explicitFileType = wrapper.application; includeInIndex = 0; path = Tram.app; sourceTree = BUILT_PRODUCTS_DIR; };
		9ECDD93CE98B91D7CE27ABCF /* Base */ = {isa = PBXFileReference; lastKnownFileType = file.storyboard; name = Base; path = Base.lproj/LaunchScreen.storyboard; sourceTree = "<group>"; };
		9ECDDAF9C6B5BCC15C517373 /* Base */ = {isa = PBXFileReference; lastKnownFileType = file.storyboard; name = Base; path = Base.lproj/Main.storyboard; sourceTree = "<group>"; };
		9ECDDBB3C089D6C5DEF55196 /* Assets.xcassets */ = {isa = PBXFileReference; lastKnownFileType = folder.assetcatalog; path = Assets.xcassets; sourceTree = "<group>"; };
		9ECDDD923C5C868D39DB83CC /* AppDelegate.swift */ = {isa = PBXFileReference; lastKnownFileType = sourcecode.swift; path = AppDelegate.swift; sourceTree = "<group>"; };
		9ECDDDF076298470FA7EFE97 /* Info.plist */ = {isa = PBXFileReference; lastKnownFileType = text.plist.info; path = Info.plist; sourceTree = "<group>"; };
/* End PBXFileReference section */

/* Begin PBXFrameworksBuildPhase section */
		9ECDDF91C79D8E261CB842DA /* Frameworks */ = {
			isa = PBXFrameworksBuildPhase;
			buildActionMask = 2147483647;
			files = (
				886C886B1FE32D79004CDEF9 /* libsqlite3.tbd in Frameworks */,
				886C88691FE32D73004CDEF9 /* libz.tbd in Frameworks */,
				886C88671FE32D69004CDEF9 /* SystemConfiguration.framework in Frameworks */,
				886C88651FE32D62004CDEF9 /* StoreKit.framework in Frameworks */,
				886C88631FE32D5B004CDEF9 /* Security.framework in Frameworks */,
				886C88611FE32D54004CDEF9 /* QuartzCore.framework in Frameworks */,
				886C885F1FE32D4D004CDEF9 /* MobileCoreServices.framework in Frameworks */,
				886C885D1FE32D45004CDEF9 /* CoreLocation.framework in Frameworks */,
				886C885B1FE32D3D004CDEF9 /* CoreGraphics.framework in Frameworks */,
				886C88591FE32D37004CDEF9 /* CFNetwork.framework in Frameworks */,
				886C88571FE32D27004CDEF9 /* AudioToolbox.framework in Frameworks */,
				886C88541FE32CEE004CDEF9 /* Parse.framework in Frameworks */,
				886C88531FE32CEE004CDEF9 /* Bolts.framework in Frameworks */,
			);
			runOnlyForDeploymentPostprocessing = 0;
		};
/* End PBXFrameworksBuildPhase section */

/* Begin PBXGroup section */
		883B5F0820304BD80012F913 /* MovieCollectionCell */ = {
			isa = PBXGroup;
			children = (
				883B5F0920304BD80012F913 /* MovieCollectionCell.xib */,
				883B5F0A20304BD80012F913 /* MovieCollectionViewCell.swift */,
			);
			path = MovieCollectionCell;
			sourceTree = "<group>";
		};
		883B5F0E2030A2450012F913 /* Views */ = {
			isa = PBXGroup;
			children = (
				883B5F102030A2780012F913 /* MovieDetails */,
				883B5F0F2030A26A0012F913 /* Search */,
			);
			path = Views;
			sourceTree = "<group>";
		};
		883B5F0F2030A26A0012F913 /* Search */ = {
			isa = PBXGroup;
			children = (
				883B5F0820304BD80012F913 /* MovieCollectionCell */,
			);
			path = Search;
			sourceTree = "<group>";
		};
		883B5F102030A2780012F913 /* MovieDetails */ = {
			isa = PBXGroup;
			children = (
				883B5F292030ABD30012F913 /* DetailCell */,
				883B5F242030AB370012F913 /* PeopleCell */,
				883B5F1F2030A5640012F913 /* PersonCell */,
				883B5F162030A3A30012F913 /* PlotCell */,
				883B5F152030A3920012F913 /* TitleCell */,
			);
			path = MovieDetails;
			sourceTree = "<group>";
		};
		883B5F152030A3920012F913 /* TitleCell */ = {
			isa = PBXGroup;
			children = (
				883B5F112030A2C40012F913 /* TitleCollectionViewCell.swift */,
				883B5F122030A2C40012F913 /* TitleCollectionViewCell.xib */,
			);
			path = TitleCell;
			sourceTree = "<group>";
		};
		883B5F162030A3A30012F913 /* PlotCell */ = {
			isa = PBXGroup;
			children = (
				883B5F172030A3C10012F913 /* PlotCollectionViewCell.swift */,
				883B5F182030A3C10012F913 /* PlotCollectionViewCell.xib */,
			);
			path = PlotCell;
			sourceTree = "<group>";
		};
		883B5F1F2030A5640012F913 /* PersonCell */ = {
			isa = PBXGroup;
			children = (
				883B5F202030A5640012F913 /* PersonCollectionViewCell.swift */,
				883B5F212030A5640012F913 /* PersonCollectionViewCell.xib */,
			);
			path = PersonCell;
			sourceTree = "<group>";
		};
		883B5F242030AB370012F913 /* PeopleCell */ = {
			isa = PBXGroup;
			children = (
				883B5F252030AB460012F913 /* PeopleCollectionViewCell.swift */,
				883B5F262030AB460012F913 /* PeopleCollectionViewCell.xib */,
			);
			path = PeopleCell;
			sourceTree = "<group>";
		};
		883B5F292030ABD30012F913 /* DetailCell */ = {
			isa = PBXGroup;
			children = (
				883B5F2A2030ABE20012F913 /* DetailCollectionViewCell.swift */,
				883B5F2B2030ABE20012F913 /* DetailCollectionViewCell.xib */,
			);
			path = DetailCell;
			sourceTree = "<group>";
		};
		886C88501FE32CD5004CDEF9 /* Parse */ = {
			isa = PBXGroup;
			children = (
				886C88511FE32CED004CDEF9 /* Bolts.framework */,
				886C88521FE32CEE004CDEF9 /* Parse.framework */,
			);
			path = Parse;
			sourceTree = "<group>";
		};
		886C88551FE32D27004CDEF9 /* Frameworks */ = {
			isa = PBXGroup;
			children = (
				886C886A1FE32D79004CDEF9 /* libsqlite3.tbd */,
				886C88681FE32D73004CDEF9 /* libz.tbd */,
				886C88661FE32D69004CDEF9 /* SystemConfiguration.framework */,
				886C88641FE32D62004CDEF9 /* StoreKit.framework */,
				886C88621FE32D5A004CDEF9 /* Security.framework */,
				886C88601FE32D54004CDEF9 /* QuartzCore.framework */,
				886C885E1FE32D4D004CDEF9 /* MobileCoreServices.framework */,
				886C885C1FE32D45004CDEF9 /* CoreLocation.framework */,
				886C885A1FE32D3D004CDEF9 /* CoreGraphics.framework */,
				886C88581FE32D37004CDEF9 /* CFNetwork.framework */,
				886C88561FE32D27004CDEF9 /* AudioToolbox.framework */,
			);
			name = Frameworks;
			sourceTree = "<group>";
		};
		88C2EB322024CAFA00DEAC47 /* Scenes */ = {
			isa = PBXGroup;
			children = (
				88C2EB332024CAFA00DEAC47 /* Search */,
				88C2EB3A2024CAFA00DEAC47 /* MovieDetails */,
			);
			path = Scenes;
			sourceTree = "<group>";
		};
		88C2EB332024CAFA00DEAC47 /* Search */ = {
			isa = PBXGroup;
			children = (
				88C2EB342024CAFA00DEAC47 /* SearchViewController.swift */,
				88C2EB352024CAFA00DEAC47 /* SearchInteractor.swift */,
				88C2EB362024CAFA00DEAC47 /* SearchPresenter.swift */,
				88C2EB372024CAFA00DEAC47 /* SearchModels.swift */,
				88C2EB382024CAFA00DEAC47 /* SearchWorker.swift */,
				88C2EB392024CAFA00DEAC47 /* SearchRouter.swift */,
			);
			path = Search;
			sourceTree = "<group>";
		};
		88C2EB3A2024CAFA00DEAC47 /* MovieDetails */ = {
			isa = PBXGroup;
			children = (
				88C2EB402024CAFA00DEAC47 /* MovieDetailsInteractor.swift */,
				88C2EB412024CAFA00DEAC47 /* MovieDetailsPresenter.swift */,
				88C2EB422024CAFA00DEAC47 /* MovieDetailsWorker.swift */,
				88C2EB432024CAFA00DEAC47 /* MovieDetailsViewController.swift */,
				88C2EB442024CAFA00DEAC47 /* MovieDetailsRouter.swift */,
				88C2EB452024CAFA00DEAC47 /* MovieDetailsModels.swift */,
			);
			path = MovieDetails;
			sourceTree = "<group>";
		};
		88C2EB462024CAFA00DEAC47 /* Models */ = {
			isa = PBXGroup;
			children = (
				88C2EB472024CAFA00DEAC47 /* Movie.swift */,
				88C2EB482024CAFA00DEAC47 /* Genre.swift */,
				88C2EB492024CAFA00DEAC47 /* Person.swift */,
				88C2EB4A2024CAFA00DEAC47 /* ImageExtension.swift */,
				88C2EB4B2024CAFA00DEAC47 /* Country.swift */,
				88D0ACDF203820FC0019D27C /* Job.swift */,
			);
			path = Models;
			sourceTree = "<group>";
		};
		9ECDD262EC3CE9CCB74AA255 = {
			isa = PBXGroup;
			children = (
				886C88501FE32CD5004CDEF9 /* Parse */,
				9ECDD96887E83028ED77C9FD /* Products */,
				9ECDD3591ACC2BC3F360F75E /* Tram */,
				886C88551FE32D27004CDEF9 /* Frameworks */,
			);
			sourceTree = "<group>";
		};
		9ECDD3591ACC2BC3F360F75E /* Tram */ = {
			isa = PBXGroup;
			children = (
				883B5F0E2030A2450012F913 /* Views */,
				88C2EB462024CAFA00DEAC47 /* Models */,
				88C2EB322024CAFA00DEAC47 /* Scenes */,
				9ECDDDF076298470FA7EFE97 /* Info.plist */,
				9ECDDBB3C089D6C5DEF55196 /* Assets.xcassets */,
				9ECDD1708221D170E70E4369 /* LaunchScreen.storyboard */,
				9ECDDD923C5C868D39DB83CC /* AppDelegate.swift */,
				9ECDD2E3705169588B62A615 /* Main.storyboard */,
			);
			path = Tram;
			sourceTree = "<group>";
		};
		9ECDD96887E83028ED77C9FD /* Products */ = {
			isa = PBXGroup;
			children = (
				9ECDD39DC662D7BE0C4ADFD0 /* Tram.app */,
			);
			name = Products;
			sourceTree = "<group>";
		};
/* End PBXGroup section */

/* Begin PBXNativeTarget section */
		9ECDD09FA59DAD88FEF62E04 /* Tram */ = {
			isa = PBXNativeTarget;
			buildConfigurationList = 9ECDDFCE6B5D30AF29BB1441 /* Build configuration list for PBXNativeTarget "Tram" */;
			buildPhases = (
				9ECDDF22660D11921D99ABFB /* Sources */,
				9ECDDF91C79D8E261CB842DA /* Frameworks */,
				9ECDD043EE989D00504EEB83 /* Resources */,
			);
			buildRules = (
			);
			dependencies = (
			);
			name = Tram;
			productName = Tram;
			productReference = 9ECDD39DC662D7BE0C4ADFD0 /* Tram.app */;
			productType = "com.apple.product-type.application";
		};
/* End PBXNativeTarget section */

/* Begin PBXProject section */
		9ECDD118C731C25C83B08919 /* Project object */ = {
			isa = PBXProject;
			attributes = {
				ORGANIZATIONNAME = "Tram, inc.";
				TargetAttributes = {
					9ECDD09FA59DAD88FEF62E04 = {
						DevelopmentTeam = NM569ANC7R;
					};
				};
			};
			buildConfigurationList = 9ECDDF5819579052217DF8AF /* Build configuration list for PBXProject "Tram" */;
			compatibilityVersion = "Xcode 3.2";
			developmentRegion = English;
			hasScannedForEncodings = 0;
			knownRegions = (
				en,
			);
			mainGroup = 9ECDD262EC3CE9CCB74AA255;
			productRefGroup = 9ECDD96887E83028ED77C9FD /* Products */;
			projectDirPath = "";
			projectRoot = "";
			targets = (
				9ECDD09FA59DAD88FEF62E04 /* Tram */,
			);
		};
/* End PBXProject section */

/* Begin PBXResourcesBuildPhase section */
		9ECDD043EE989D00504EEB83 /* Resources */ = {
			isa = PBXResourcesBuildPhase;
			buildActionMask = 2147483647;
			files = (
				883B5F142030A2C40012F913 /* TitleCollectionViewCell.xib in Resources */,
				883B5F282030AB460012F913 /* PeopleCollectionViewCell.xib in Resources */,
				883B5F0B20304BD90012F913 /* MovieCollectionCell.xib in Resources */,
				883B5F2D2030ABE20012F913 /* DetailCollectionViewCell.xib in Resources */,
				9ECDD3CAACC3ECD9417F8BE0 /* Assets.xcassets in Resources */,
				9ECDDDE10CB8ADDF0166F51B /* LaunchScreen.storyboard in Resources */,
				9ECDD2EFF812F91753E7E5C3 /* Main.storyboard in Resources */,
				883B5F232030A5640012F913 /* PersonCollectionViewCell.xib in Resources */,
				883B5F1A2030A3C10012F913 /* PlotCollectionViewCell.xib in Resources */,
			);
			runOnlyForDeploymentPostprocessing = 0;
		};
/* End PBXResourcesBuildPhase section */

/* Begin PBXSourcesBuildPhase section */
		9ECDDF22660D11921D99ABFB /* Sources */ = {
			isa = PBXSourcesBuildPhase;
			buildActionMask = 2147483647;
			files = (
				88C2EB5A2024CAFA00DEAC47 /* MovieDetailsInteractor.swift in Sources */,
				883B5F272030AB460012F913 /* PeopleCollectionViewCell.swift in Sources */,
				883B5F2C2030ABE20012F913 /* DetailCollectionViewCell.swift in Sources */,
				88C2EB602024CAFA00DEAC47 /* Movie.swift in Sources */,
				88C2EB512024CAFA00DEAC47 /* SearchInteractor.swift in Sources */,
				88C2EB5C2024CAFA00DEAC47 /* MovieDetailsWorker.swift in Sources */,
				88C2EB502024CAFA00DEAC47 /* SearchViewController.swift in Sources */,
				88C2EB5D2024CAFA00DEAC47 /* MovieDetailsViewController.swift in Sources */,
				88C2EB612024CAFA00DEAC47 /* Genre.swift in Sources */,
				88C2EB522024CAFA00DEAC47 /* SearchPresenter.swift in Sources */,
				88C2EB552024CAFA00DEAC47 /* SearchRouter.swift in Sources */,
				88C2EB632024CAFA00DEAC47 /* ImageExtension.swift in Sources */,
				88C2EB622024CAFA00DEAC47 /* Person.swift in Sources */,
				88C2EB5B2024CAFA00DEAC47 /* MovieDetailsPresenter.swift in Sources */,
				88C2EB5F2024CAFA00DEAC47 /* MovieDetailsModels.swift in Sources */,
				883B5F0C20304BD90012F913 /* MovieCollectionViewCell.swift in Sources */,
				9ECDDFB20D62436BC12E3FD0 /* AppDelegate.swift in Sources */,
				883B5F132030A2C40012F913 /* TitleCollectionViewCell.swift in Sources */,
				88C2EB5E2024CAFA00DEAC47 /* MovieDetailsRouter.swift in Sources */,
				883B5F222030A5640012F913 /* PersonCollectionViewCell.swift in Sources */,
				88C2EB642024CAFA00DEAC47 /* Country.swift in Sources */,
				883B5F192030A3C10012F913 /* PlotCollectionViewCell.swift in Sources */,
				88C2EB532024CAFA00DEAC47 /* SearchModels.swift in Sources */,
				88C2EB542024CAFA00DEAC47 /* SearchWorker.swift in Sources */,
				88D0ACE0203820FC0019D27C /* Job.swift in Sources */,
			);
			runOnlyForDeploymentPostprocessing = 0;
		};
/* End PBXSourcesBuildPhase section */

/* Begin PBXVariantGroup section */
		9ECDD1708221D170E70E4369 /* LaunchScreen.storyboard */ = {
			isa = PBXVariantGroup;
			children = (
				9ECDD93CE98B91D7CE27ABCF /* Base */,
			);
			name = LaunchScreen.storyboard;
			sourceTree = "<group>";
		};
		9ECDD2E3705169588B62A615 /* Main.storyboard */ = {
			isa = PBXVariantGroup;
			children = (
				9ECDDAF9C6B5BCC15C517373 /* Base */,
			);
			name = Main.storyboard;
			sourceTree = "<group>";
		};
/* End PBXVariantGroup section */

/* Begin XCBuildConfiguration section */
		9ECDD0A1661F53BA736AFEE3 /* Release */ = {
			isa = XCBuildConfiguration;
			buildSettings = {
				ASSETCATALOG_COMPILER_APPICON_NAME = AppIcon;
				DEVELOPMENT_TEAM = NM569ANC7R;
				FRAMEWORK_SEARCH_PATHS = (
					"$(inherited)",
					"$(PROJECT_DIR)/Parse",
				);
				INFOPLIST_FILE = Tram/Info.plist;
				LD_RUNPATH_SEARCH_PATHS = "$(inherited) @executable_path/Frameworks";
				PRODUCT_BUNDLE_IDENTIFIER = com.Tram;
				PRODUCT_NAME = "$(TARGET_NAME)";
				SWIFT_VERSION = 4.0;
				TARGETED_DEVICE_FAMILY = "1,2";
			};
			name = Release;
		};
		9ECDD662346A08500C8F513F /* Debug */ = {
			isa = XCBuildConfiguration;
			buildSettings = {
				ALWAYS_SEARCH_USER_PATHS = NO;
				CLANG_ANALYZER_NONNULL = YES;
				CLANG_ANALYZER_NUMBER_OBJECT_CONVERSION = YES_AGGRESSIVE;
				CLANG_CXX_LANGUAGE_STANDARD = "gnu++14";
				CLANG_CXX_LIBRARY = "libc++";
				CLANG_ENABLE_MODULES = YES;
				CLANG_ENABLE_OBJC_ARC = YES;
				CLANG_WARN_BLOCK_CAPTURE_AUTORELEASING = YES;
				CLANG_WARN_BOOL_CONVERSION = YES;
				CLANG_WARN_COMMA = YES;
				CLANG_WARN_CONSTANT_CONVERSION = YES;
				CLANG_WARN_DIRECT_OBJC_ISA_USAGE = YES_ERROR;
				CLANG_WARN_DOCUMENTATION_COMMENTS = YES;
				CLANG_WARN_EMPTY_BODY = YES;
				CLANG_WARN_ENUM_CONVERSION = YES;
				CLANG_WARN_INFINITE_RECURSION = YES;
				CLANG_WARN_INT_CONVERSION = YES;
				CLANG_WARN_NON_LITERAL_NULL_CONVERSION = YES;
				CLANG_WARN_OBJC_LITERAL_CONVERSION = YES;
				CLANG_WARN_OBJC_ROOT_CLASS = YES_ERROR;
				CLANG_WARN_RANGE_LOOP_ANALYSIS = YES;
				CLANG_WARN_STRICT_PROTOTYPES = YES;
				CLANG_WARN_SUSPICIOUS_MOVE = YES;
				CLANG_WARN_UNGUARDED_AVAILABILITY = YES_AGGRESSIVE;
				CLANG_WARN_UNREACHABLE_CODE = YES;
				CLANG_WARN__DUPLICATE_METHOD_MATCH = YES;
				CODE_SIGN_IDENTITY = "iPhone Developer";
				COPY_PHASE_STRIP = NO;
				DEBUG_INFORMATION_FORMAT = dwarf;
				ENABLE_STRICT_OBJC_MSGSEND = YES;
				ENABLE_TESTABILITY = YES;
				GCC_C_LANGUAGE_STANDARD = gnu11;
				GCC_DYNAMIC_NO_PIC = NO;
				GCC_NO_COMMON_BLOCKS = YES;
				GCC_OPTIMIZATION_LEVEL = 0;
				GCC_PREPROCESSOR_DEFINITIONS = (
					"DEBUG=1",
					"$(inherited)",
				);
				GCC_WARN_64_TO_32_BIT_CONVERSION = YES;
				GCC_WARN_ABOUT_RETURN_TYPE = YES_ERROR;
				GCC_WARN_UNDECLARED_SELECTOR = YES;
				GCC_WARN_UNINITIALIZED_AUTOS = YES_AGGRESSIVE;
				GCC_WARN_UNUSED_FUNCTION = YES;
				GCC_WARN_UNUSED_VARIABLE = YES;
				IPHONEOS_DEPLOYMENT_TARGET = 11.1;
				MTL_ENABLE_DEBUG_INFO = YES;
				ONLY_ACTIVE_ARCH = YES;
				SDKROOT = iphoneos;
				SWIFT_ACTIVE_COMPILATION_CONDITIONS = DEBUG;
				SWIFT_OPTIMIZATION_LEVEL = "-Onone";
			};
			name = Debug;
		};
		9ECDDBA5FB086DBE1FA78698 /* Debug */ = {
			isa = XCBuildConfiguration;
			buildSettings = {
				ASSETCATALOG_COMPILER_APPICON_NAME = AppIcon;
				DEVELOPMENT_TEAM = NM569ANC7R;
				FRAMEWORK_SEARCH_PATHS = (
					"$(inherited)",
					"$(PROJECT_DIR)/Parse",
				);
				INFOPLIST_FILE = Tram/Info.plist;
				LD_RUNPATH_SEARCH_PATHS = "$(inherited) @executable_path/Frameworks";
				PRODUCT_BUNDLE_IDENTIFIER = com.Tram;
				PRODUCT_NAME = "$(TARGET_NAME)";
				SWIFT_VERSION = 4.0;
				TARGETED_DEVICE_FAMILY = "1,2";
			};
			name = Debug;
		};
		9ECDDF2627EBAB6F015EFD6C /* Release */ = {
			isa = XCBuildConfiguration;
			buildSettings = {
				ALWAYS_SEARCH_USER_PATHS = NO;
				CLANG_ANALYZER_NONNULL = YES;
				CLANG_ANALYZER_NUMBER_OBJECT_CONVERSION = YES_AGGRESSIVE;
				CLANG_CXX_LANGUAGE_STANDARD = "gnu++14";
				CLANG_CXX_LIBRARY = "libc++";
				CLANG_ENABLE_MODULES = YES;
				CLANG_ENABLE_OBJC_ARC = YES;
				CLANG_WARN_BLOCK_CAPTURE_AUTORELEASING = YES;
				CLANG_WARN_BOOL_CONVERSION = YES;
				CLANG_WARN_COMMA = YES;
				CLANG_WARN_CONSTANT_CONVERSION = YES;
				CLANG_WARN_DIRECT_OBJC_ISA_USAGE = YES_ERROR;
				CLANG_WARN_DOCUMENTATION_COMMENTS = YES;
				CLANG_WARN_EMPTY_BODY = YES;
				CLANG_WARN_ENUM_CONVERSION = YES;
				CLANG_WARN_INFINITE_RECURSION = YES;
				CLANG_WARN_INT_CONVERSION = YES;
				CLANG_WARN_NON_LITERAL_NULL_CONVERSION = YES;
				CLANG_WARN_OBJC_LITERAL_CONVERSION = YES;
				CLANG_WARN_OBJC_ROOT_CLASS = YES_ERROR;
				CLANG_WARN_RANGE_LOOP_ANALYSIS = YES;
				CLANG_WARN_STRICT_PROTOTYPES = YES;
				CLANG_WARN_SUSPICIOUS_MOVE = YES;
				CLANG_WARN_UNGUARDED_AVAILABILITY = YES_AGGRESSIVE;
				CLANG_WARN_UNREACHABLE_CODE = YES;
				CLANG_WARN__DUPLICATE_METHOD_MATCH = YES;
				CODE_SIGN_IDENTITY = "iPhone Developer";
				COPY_PHASE_STRIP = NO;
				DEBUG_INFORMATION_FORMAT = "dwarf-with-dsym";
				ENABLE_NS_ASSERTIONS = NO;
				ENABLE_STRICT_OBJC_MSGSEND = YES;
				GCC_C_LANGUAGE_STANDARD = gnu11;
				GCC_NO_COMMON_BLOCKS = YES;
				GCC_WARN_64_TO_32_BIT_CONVERSION = YES;
				GCC_WARN_ABOUT_RETURN_TYPE = YES_ERROR;
				GCC_WARN_UNDECLARED_SELECTOR = YES;
				GCC_WARN_UNINITIALIZED_AUTOS = YES_AGGRESSIVE;
				GCC_WARN_UNUSED_FUNCTION = YES;
				GCC_WARN_UNUSED_VARIABLE = YES;
				IPHONEOS_DEPLOYMENT_TARGET = 11.1;
				MTL_ENABLE_DEBUG_INFO = NO;
				SDKROOT = iphoneos;
				SWIFT_OPTIMIZATION_LEVEL = "-Owholemodule";
				VALIDATE_PRODUCT = YES;
			};
			name = Release;
		};
/* End XCBuildConfiguration section */

/* Begin XCConfigurationList section */
		9ECDDF5819579052217DF8AF /* Build configuration list for PBXProject "Tram" */ = {
			isa = XCConfigurationList;
			buildConfigurations = (
				9ECDD662346A08500C8F513F /* Debug */,
				9ECDDF2627EBAB6F015EFD6C /* Release */,
			);
			defaultConfigurationIsVisible = 0;
			defaultConfigurationName = Release;
		};
		9ECDDFCE6B5D30AF29BB1441 /* Build configuration list for PBXNativeTarget "Tram" */ = {
			isa = XCConfigurationList;
			buildConfigurations = (
				9ECDDBA5FB086DBE1FA78698 /* Debug */,
				9ECDD0A1661F53BA736AFEE3 /* Release */,
			);
			defaultConfigurationIsVisible = 0;
			defaultConfigurationName = Release;
		};
/* End XCConfigurationList section */
	};
	rootObject = 9ECDD118C731C25C83B08919 /* Project object */;
}
